# SOURCE.lock — Ultrathink skill pin
# Fail closed for updates if a vendored digest drifts.
# Fail open for the current turn: pass original prompt plus audit source=fallback.

repo: swcstudiospace/plugin
ref: c1742dbed157bbb24279a5c3a45c10dc0fa59663
human_url: https://github.com/swcstudiospace/plugin/tree/c1742dbed157bbb24279a5c3a45c10dc0fa59663
runtime_fetch: false
execute_remote: false
fetched_at: 2026-09-02T21:20:00Z
skill_version: "1.3"
public_command: ultrathink
retired_libraries: prompt-uplift graph-of-thought

origin_paths:
  - path: src/uplift/prompt.ts
    blob_sha: 5d4b2b3910c28ae0c0acd79f4b90022f2dd0427b
  - path: src/think/prompts.ts
    blob_sha: c088527fe5b655d7e4d04902f53345f8169bcd44
  - path: src/think/types.ts
    blob_sha: d44e8b6c25827599d07855aa844646d126ecd43d
  - path: src/think/graph.ts
    blob_sha: e6025936c82b09380e63d7e8d3e0a69e7022686b
  - path: src/think/pipeline.ts
    blob_sha: 233bb75ec03c43e3bb43728c71dc49969cd548f5

allowlist_file: references/ALLOWLIST
notes:
  - Do not use https://raw.githubusercontent.com/swcstudiospace/plugin/main/ as an include.
  - Human-facing citation may use the pinned SHA URL only.
  - Do not execute origin TypeScript from this skill.
  - Pack home on GitHub is plugin/skill-packs/ultrathink or swc-studio-heavy/skills/ultrathink.
  - prompt-uplift and graph-of-thought are retired libraries. Sole public command is ultrathink.
